# This file is generated by running "yarn install" inside your project.
# Manual changes might be lost - proceed with caution!

__metadata:
  version: 8
  cacheKey: 10c0

"husky@npm:^9.0.11":
  version: 9.0.11
  resolution: "husky@npm:9.0.11"
  bin:
    husky: bin.mjs
  checksum: 10c0/2c787dcf74a837fc9a4fea7da907509d4bd9a289f4ea10ecc9d86279e4d4542b0f5f6443a619bccae19e265f2677172cc2b86aae5c932a35a330cc227d914605
  languageName: node
  linkType: hard

"trial-system@workspace:.":
  version: 0.0.0-use.local
  resolution: "trial-system@workspace:."
  dependencies:
    husky: "npm:^9.0.11"
    turbo: "npm:^1.13.3"
    typescript: "npm:^5.4.5"
  languageName: unknown
  linkType: soft

"turbo-darwin-64@npm:1.13.3":
  version: 1.13.3
  resolution: "turbo-darwin-64@npm:1.13.3"
  conditions: os=darwin & cpu=x64
  languageName: node
  linkType: hard

"turbo-darwin-arm64@npm:1.13.3":
  version: 1.13.3
  resolution: "turbo-darwin-arm64@npm:1.13.3"
  conditions: os=darwin & cpu=arm64
  languageName: node
  linkType: hard

"turbo-linux-64@npm:1.13.3":
  version: 1.13.3
  resolution: "turbo-linux-64@npm:1.13.3"
  conditions: os=linux & cpu=x64
  languageName: node
  linkType: hard

"turbo-linux-arm64@npm:1.13.3":
  version: 1.13.3
  resolution: "turbo-linux-arm64@npm:1.13.3"
  conditions: os=linux & cpu=arm64
  languageName: node
  linkType: hard

"turbo-windows-64@npm:1.13.3":
  version: 1.13.3
  resolution: "turbo-windows-64@npm:1.13.3"
  conditions: os=win32 & cpu=x64
  languageName: node
  linkType: hard

"turbo-windows-arm64@npm:1.13.3":
  version: 1.13.3
  resolution: "turbo-windows-arm64@npm:1.13.3"
  conditions: os=win32 & cpu=arm64
  languageName: node
  linkType: hard

"turbo@npm:^1.13.3":
  version: 1.13.3
  resolution: "turbo@npm:1.13.3"
  dependencies:
    turbo-darwin-64: "npm:1.13.3"
    turbo-darwin-arm64: "npm:1.13.3"
    turbo-linux-64: "npm:1.13.3"
    turbo-linux-arm64: "npm:1.13.3"
    turbo-windows-64: "npm:1.13.3"
    turbo-windows-arm64: "npm:1.13.3"
  dependenciesMeta:
    turbo-darwin-64:
      optional: true
    turbo-darwin-arm64:
      optional: true
    turbo-linux-64:
      optional: true
    turbo-linux-arm64:
      optional: true
    turbo-windows-64:
      optional: true
    turbo-windows-arm64:
      optional: true
  bin:
    turbo: bin/turbo
  checksum: 10c0/0382cc88f65a6690e97d30a6ad5d9b9ede7705f5f57edea27629408b166eff4a5938824746ce2cbcd50d2b64ebdbd359160e2cbe009f0bfd6f144997f9f6705b
  languageName: node
  linkType: hard

"typescript@npm:^5.4.5":
  version: 5.4.5
  resolution: "typescript@npm:5.4.5"
  bin:
    tsc: bin/tsc
    tsserver: bin/tsserver
  checksum: 10c0/2954022ada340fd3d6a9e2b8e534f65d57c92d5f3989a263754a78aba549f7e6529acc1921913560a4b816c46dce7df4a4d29f9f11a3dc0d4213bb76d043251e
  languageName: node
  linkType: hard

"typescript@patch:typescript@npm%3A^5.4.5#optional!builtin<compat/typescript>":
  version: 5.4.5
  resolution: "typescript@patch:typescript@npm%3A5.4.5#optional!builtin<compat/typescript>::version=5.4.5&hash=5adc0c"
  bin:
    tsc: bin/tsc
    tsserver: bin/tsserver
  checksum: 10c0/db2ad2a16ca829f50427eeb1da155e7a45e598eec7b086d8b4e8ba44e5a235f758e606d681c66992230d3fc3b8995865e5fd0b22a2c95486d0b3200f83072ec9
  languageName: node
  linkType: hard
